<Solution>
  <Project Path="src.Modifier/AgainstRomeModifier.csproj" />
  <Project Path="src.SaveManager/AgainstRomeSaveManager.csproj" />
  <Project Path="src.Core/AgainstRome.Core.csproj" />
  <Project Path="src.MapEditor/AgainstRomeMapEditor.csproj" />
  <Project Path="src.Shared/AgainstRome.Shared.csproj" />
  <Project Path="tests/AgainstRomeModifier.Tests/AgainstRomeModifier.Tests.csproj" />
</Solution>
