<Solution>
  <Project Path="AgainstRomeModifier.csproj" />
  <Project Path="src.MapEditor/AgainstRomeMapEditor.csproj">
    <Build Solution="Debug|*" Project="false" />
  </Project>
  <Project Path="src.Shared/AgainstRome.Shared.csproj">
    <Build Solution="Debug|*" Project="false" />
  </Project>
  <Project Path="tests/AgainstRomeModifier.Tests/AgainstRomeModifier.Tests.csproj" />
</Solution>
